
Microsoft Visual Studio Solution File, Format Version 12.00
# Visual Studio Version 16
VisualStudioVersion = 16.0.30128.74
MinimumVisualStudioVersion = 10.0.40219.1
Project("{9A19103F-16F7-4668-BE54-9A1E7A4F7556}") = "APIServer", "ProofOfConcept\APIServer.csproj", "{57F21500-EC81-4C84-914B-1ECAC9FF01B3}"
EndProject
Project("{9092AA53-FB77-4645-B42D-1CCCA6BD08BD}") = "ReactClient", "ReactClient\ReactClient.njsproj", "{238ADBC3-9D57-4496-813E-32841C59F6BD}"
EndProject
Global
	GlobalSection(SolutionConfigurationPlatforms) = preSolution
		Debug|Any CPU = Debug|Any CPU
		Release|Any CPU = Release|Any CPU
	EndGlobalSection
	GlobalSection(ProjectConfigurationPlatforms) = postSolution
		{57F21500-EC81-4C84-914B-1ECAC9FF01B3}.Debug|Any CPU.ActiveCfg = Debug|Any CPU
		{57F21500-EC81-4C84-914B-1ECAC9FF01B3}.Debug|Any CPU.Build.0 = Debug|Any CPU
		{57F21500-EC81-4C84-914B-1ECAC9FF01B3}.Release|Any CPU.ActiveCfg = Release|Any CPU
		{57F21500-EC81-4C84-914B-1ECAC9FF01B3}.Release|Any CPU.Build.0 = Release|Any CPU
		{238ADBC3-9D57-4496-813E-32841C59F6BD}.Debug|Any CPU.ActiveCfg = Debug|Any CPU
		{238ADBC3-9D57-4496-813E-32841C59F6BD}.Debug|Any CPU.Build.0 = Debug|Any CPU
		{238ADBC3-9D57-4496-813E-32841C59F6BD}.Release|Any CPU.ActiveCfg = Release|Any CPU
		{238ADBC3-9D57-4496-813E-32841C59F6BD}.Release|Any CPU.Build.0 = Release|Any CPU
	EndGlobalSection
	GlobalSection(SolutionProperties) = preSolution
		HideSolutionNode = FALSE
	EndGlobalSection
	GlobalSection(ExtensibilityGlobals) = postSolution
		SolutionGuid = {512E4307-6BB6-4B3F-B63B-F52BA12C1DBF}
	EndGlobalSection
EndGlobal
